
Microsoft Visual Studio Solution File, Format Version 12.00
# Visual Studio Version 17
VisualStudioVersion = 17.9.34616.47
MinimumVisualStudioVersion = 10.0.40219.1
Project("{FAE04EC0-301F-11D3-BF4B-00C04F79EFBC}") = "ProjectBackend", "ProjectBackend\ProjectBackend.csproj", "{A44D5195-E56E-4639-8958-70F9CF65FEDF}"
EndProject
Global
	GlobalSection(SolutionConfigurationPlatforms) = preSolution
		Debug|Any CPU = Debug|Any CPU
		Release|Any CPU = Release|Any CPU
	EndGlobalSection
	GlobalSection(ProjectConfigurationPlatforms) = postSolution
		{A44D5195-E56E-4639-8958-70F9CF65FEDF}.Debug|Any CPU.ActiveCfg = Debug|Any CPU
		{A44D5195-E56E-4639-8958-70F9CF65FEDF}.Debug|Any CPU.Build.0 = Debug|Any CPU
		{A44D5195-E56E-4639-8958-70F9CF65FEDF}.Release|Any CPU.ActiveCfg = Release|Any CPU
		{A44D5195-E56E-4639-8958-70F9CF65FEDF}.Release|Any CPU.Build.0 = Release|Any CPU
	EndGlobalSection
	GlobalSection(SolutionProperties) = preSolution
		HideSolutionNode = FALSE
	EndGlobalSection
	GlobalSection(ExtensibilityGlobals) = postSolution
		SolutionGuid = {B28F2537-1218-4A95-B6D3-5CD1DA4627E7}
	EndGlobalSection
EndGlobal
